
Microsoft Visual Studio Solution File, Format Version 12.00
# Visual Studio Version 17
VisualStudioVersion = 17.6.33723.286
MinimumVisualStudioVersion = 10.0.40219.1
Project("{FAE04EC0-301F-11D3-BF4B-00C04F79EFBC}") = "RPITST_Dashboard", "RPITST_Dashboard\RPITST_Dashboard.csproj", "{A9577569-073C-4DA3-8A6B-73D77E73E472}"
EndProject
Global
	GlobalSection(SolutionConfigurationPlatforms) = preSolution
		Debug|Any CPU = Debug|Any CPU
		Release|Any CPU = Release|Any CPU
	EndGlobalSection
	GlobalSection(ProjectConfigurationPlatforms) = postSolution
		{A9577569-073C-4DA3-8A6B-73D77E73E472}.Debug|Any CPU.ActiveCfg = Debug|Any CPU
		{A9577569-073C-4DA3-8A6B-73D77E73E472}.Debug|Any CPU.Build.0 = Debug|Any CPU
		{A9577569-073C-4DA3-8A6B-73D77E73E472}.Release|Any CPU.ActiveCfg = Release|Any CPU
		{A9577569-073C-4DA3-8A6B-73D77E73E472}.Release|Any CPU.Build.0 = Release|Any CPU
	EndGlobalSection
	GlobalSection(SolutionProperties) = preSolution
		HideSolutionNode = FALSE
	EndGlobalSection
	GlobalSection(ExtensibilityGlobals) = postSolution
		SolutionGuid = {91019479-472B-4CB0-8421-77CEFBEE32D0}
	EndGlobalSection
EndGlobal
