
Microsoft Visual Studio Solution File, Format Version 12.00
# Visual Studio Version 17
VisualStudioVersion = 17.6.33723.286
MinimumVisualStudioVersion = 10.0.40219.1
Project("{FAE04EC0-301F-11D3-BF4B-00C04F79EFBC}") = "text001", "text001.csproj", "{E8999710-6309-4188-8957-50CD000119B5}"
EndProject
Global
	GlobalSection(SolutionConfigurationPlatforms) = preSolution
		Debug|Any CPU = Debug|Any CPU
		Release|Any CPU = Release|Any CPU
	EndGlobalSection
	GlobalSection(ProjectConfigurationPlatforms) = postSolution
		{E8999710-6309-4188-8957-50CD000119B5}.Debug|Any CPU.ActiveCfg = Debug|Any CPU
		{E8999710-6309-4188-8957-50CD000119B5}.Debug|Any CPU.Build.0 = Debug|Any CPU
		{E8999710-6309-4188-8957-50CD000119B5}.Release|Any CPU.ActiveCfg = Release|Any CPU
		{E8999710-6309-4188-8957-50CD000119B5}.Release|Any CPU.Build.0 = Release|Any CPU
	EndGlobalSection
	GlobalSection(SolutionProperties) = preSolution
		HideSolutionNode = FALSE
	EndGlobalSection
	GlobalSection(ExtensibilityGlobals) = postSolution
		SolutionGuid = {1C394C4F-00AA-4C4B-9ED0-6D9BA13590E7}
	EndGlobalSection
EndGlobal
